
Microsoft Visual Studio Solution File, Format Version 12.00
# Visual Studio Version 16
VisualStudioVersion = 16.0.30517.126
MinimumVisualStudioVersion = 10.0.40219.1
Project("{9A19103F-16F7-4668-BE54-9A1E7A4F7556}") = "SingleResponsibilityPrinciple", "SingleResponsibilityPrinciple\SingleResponsibilityPrinciple.csproj", "{6DC418EB-59FE-4657-BF45-B181B73F17F3}"
EndProject
Project("{9A19103F-16F7-4668-BE54-9A1E7A4F7556}") = "OpenClosedPrinciple", "OpenClosedPrinciple\OpenClosedPrinciple.csproj", "{11A28B05-4B5D-41E9-81B6-55FE8F96A16E}"
EndProject
Project("{9A19103F-16F7-4668-BE54-9A1E7A4F7556}") = "LiskovSubstitutionPrinciple", "LiskovSubstitutionPrinciple\LiskovSubstitutionPrinciple.csproj", "{BEA579A8-DA7B-4645-91F3-095036217438}"
EndProject
Project("{9A19103F-16F7-4668-BE54-9A1E7A4F7556}") = "InterfaceSegregationPrinciple", "InterfaceSegregationPrinciple\InterfaceSegregationPrinciple.csproj", "{D5CA4ED7-BB22-4513-A5BE-576DE531283E}"
EndProject
Project("{FAE04EC0-301F-11D3-BF4B-00C04F79EFBC}") = "DependencyInversionPrinciple", "DependencyInversionPrinciple\DependencyInversionPrinciple.csproj", "{1BAEB693-D656-4519-85B0-D283153907FA}"
EndProject
Global
	GlobalSection(SolutionConfigurationPlatforms) = preSolution
		Debug|Any CPU = Debug|Any CPU
		Release|Any CPU = Release|Any CPU
	EndGlobalSection
	GlobalSection(ProjectConfigurationPlatforms) = postSolution
		{6DC418EB-59FE-4657-BF45-B181B73F17F3}.Debug|Any CPU.ActiveCfg = Debug|Any CPU
		{6DC418EB-59FE-4657-BF45-B181B73F17F3}.Debug|Any CPU.Build.0 = Debug|Any CPU
		{6DC418EB-59FE-4657-BF45-B181B73F17F3}.Release|Any CPU.ActiveCfg = Release|Any CPU
		{6DC418EB-59FE-4657-BF45-B181B73F17F3}.Release|Any CPU.Build.0 = Release|Any CPU
		{11A28B05-4B5D-41E9-81B6-55FE8F96A16E}.Debug|Any CPU.ActiveCfg = Debug|Any CPU
		{11A28B05-4B5D-41E9-81B6-55FE8F96A16E}.Debug|Any CPU.Build.0 = Debug|Any CPU
		{11A28B05-4B5D-41E9-81B6-55FE8F96A16E}.Release|Any CPU.ActiveCfg = Release|Any CPU
		{11A28B05-4B5D-41E9-81B6-55FE8F96A16E}.Release|Any CPU.Build.0 = Release|Any CPU
		{BEA579A8-DA7B-4645-91F3-095036217438}.Debug|Any CPU.ActiveCfg = Debug|Any CPU
		{BEA579A8-DA7B-4645-91F3-095036217438}.Debug|Any CPU.Build.0 = Debug|Any CPU
		{BEA579A8-DA7B-4645-91F3-095036217438}.Release|Any CPU.ActiveCfg = Release|Any CPU
		{BEA579A8-DA7B-4645-91F3-095036217438}.Release|Any CPU.Build.0 = Release|Any CPU
		{D5CA4ED7-BB22-4513-A5BE-576DE531283E}.Debug|Any CPU.ActiveCfg = Debug|Any CPU
		{D5CA4ED7-BB22-4513-A5BE-576DE531283E}.Debug|Any CPU.Build.0 = Debug|Any CPU
		{D5CA4ED7-BB22-4513-A5BE-576DE531283E}.Release|Any CPU.ActiveCfg = Release|Any CPU
		{D5CA4ED7-BB22-4513-A5BE-576DE531283E}.Release|Any CPU.Build.0 = Release|Any CPU
		{1BAEB693-D656-4519-85B0-D283153907FA}.Debug|Any CPU.ActiveCfg = Debug|Any CPU
		{1BAEB693-D656-4519-85B0-D283153907FA}.Debug|Any CPU.Build.0 = Debug|Any CPU
		{1BAEB693-D656-4519-85B0-D283153907FA}.Release|Any CPU.ActiveCfg = Release|Any CPU
		{1BAEB693-D656-4519-85B0-D283153907FA}.Release|Any CPU.Build.0 = Release|Any CPU
	EndGlobalSection
	GlobalSection(SolutionProperties) = preSolution
		HideSolutionNode = FALSE
	EndGlobalSection
	GlobalSection(ExtensibilityGlobals) = postSolution
		SolutionGuid = {DD2F7FF2-B41C-4209-8F13-7A7593587506}
	EndGlobalSection
EndGlobal
